<?xml version="1.0" encoding="utf-8"?>
<Project ToolsVersion="14.0" xmlns="http://schemas.microsoft.com/developer/msbuild/2003">
  <ItemGroup>
    <ClCompile Include="main.cpp">
      <Filter>Source Files</Filter>
    </ClCompile>
    <ClCompile Include="ParticleSystem.cpp">
      <Filter>Source Files</Filter>
    </ClCompile>
    <ClCompile Include="ParticleSystemLoader.cpp">
      <Filter>Source Files</Filter>
    </ClCompile>
    <ClCompile Include="PBFApp.cpp">
      <Filter>Source Files</Filter>
    </ClCompile>
    <ClCompile Include="CollisionPlane.cpp">
      <Filter>Source Files</Filter>
    </ClCompile>
    <ClCompile Include="SpatialMap.cpp">
      <Filter>Source Files</Filter>
    </ClCompile>
  </ItemGroup>
  <ItemGroup>
    <ClInclude Include="Constants.h">
      <Filter>Header Files</Filter>
    </ClInclude>
    <ClInclude Include="ParticleSystem.h">
      <Filter>Header Files</Filter>
    </ClInclude>
    <ClInclude Include="ParticleSystemLoader.h">
      <Filter>Header Files</Filter>
    </ClInclude>
    <ClInclude Include="PBFApp.h">
      <Filter>Header Files</Filter>
    </ClInclude>
    <ClInclude Include="CollisionPlane.h">
      <Filter>Header Files</Filter>
    </ClInclude>
    <ClInclude Include="SpatialMap.h">
      <Filter>Header Files</Filter>
    </ClInclude>
    <ClInclude Include="Particle.h">
      <Filter>Header Files</Filter>
    </ClInclude>
  </ItemGroup>
  <ItemGroup>
    <Filter Include="Header Files">
      <UniqueIdentifier>{13931ada-36a4-4373-98ac-bac104fa6e18}</UniqueIdentifier>
      <Extensions>h</Extensions>
    </Filter>
    <Filter Include="Source Files">
      <UniqueIdentifier>{189e4082-cfa1-4a5f-af96-563260a18630}</UniqueIdentifier>
      <Extensions>cpp</Extensions>
    </Filter>
  </ItemGroup>
</Project>